<?xml version="1.0" encoding="utf-8"?>
<Project ToolsVersion="4.0" xmlns="http://schemas.microsoft.com/developer/msbuild/2003">
  <ItemGroup>
    <Filter Include="Source Files">
      <UniqueIdentifier>{4FC737F1-C7A5-4376-A066-2A32D752A2FF}</UniqueIdentifier>
      <Extensions>cpp;c;cc;cxx;c++;cppm;ixx;def;odl;idl;hpj;bat;asm;asmx</Extensions>
    </Filter>
    <Filter Include="Header Files">
      <UniqueIdentifier>{93995380-89BD-4b04-88EB-625FBE52EBFB}</UniqueIdentifier>
      <Extensions>h;hh;hpp;hxx;h++;hm;inl;inc;ipp;xsd</Extensions>
    </Filter>
    <Filter Include="Resource Files">
      <UniqueIdentifier>{67DA6AB6-F800-4c08-8B7A-83BB121AAD01}</UniqueIdentifier>
      <Extensions>rc;ico;cur;bmp;dlg;rc2;rct;bin;rgs;gif;jpg;jpeg;jpe;resx;tiff;tif;png;wav;mfcribbon-ms</Extensions>
    </Filter>
  </ItemGroup>
  <ItemGroup>
    <ClInclude Include="MedicOnChip Rigol MSO5074.h">
      <Filter>Header Files</Filter>
    </ClInclude>
    <ClInclude Include="MedicOnChip Rigol MSO5074Dlg.h">
      <Filter>Header Files</Filter>
    </ClInclude>
    <ClInclude Include="framework.h">
      <Filter>Header Files</Filter>
    </ClInclude>
    <ClInclude Include="targetver.h">
      <Filter>Header Files</Filter>
    </ClInclude>
    <ClInclude Include="Resource.h">
      <Filter>Header Files</Filter>
    </ClInclude>
    <ClInclude Include="pch.h">
      <Filter>Header Files</Filter>
    </ClInclude>
    <ClInclude Include="Grafico.h">
      <Filter>Header Files</Filter>
    </ClInclude>
    <ClInclude Include="GraficoDeTempo.h">
      <Filter>Header Files</Filter>
    </ClInclude>
    <ClInclude Include="JanelaDoGrafico.h">
      <Filter>Header Files</Filter>
    </ClInclude>
    <ClInclude Include="FCCParametersDlg.h">
      <Filter>Header Files</Filter>
    </ClInclude>
    <ClInclude Include="FCSParametersDlg.h">
      <Filter>Header Files</Filter>
    </ClInclude>
    <ClInclude Include="TestHandler.h">
      <Filter>Header Files</Filter>
    </ClInclude>
    <ClInclude Include="SN_PROMPT.h">
      <Filter>Header Files</Filter>
    </ClInclude>
    <ClInclude Include="GoNoGo.h">
      <Filter>Header Files</Filter>
    </ClInclude>
    <ClInclude Include="GoNoGo_Confirm.h">
      <Filter>Header Files</Filter>
    </ClInclude>
  </ItemGroup>
  <ItemGroup>
    <ClCompile Include="MedicOnChip Rigol MSO5074.cpp">
      <Filter>Source Files</Filter>
    </ClCompile>
    <ClCompile Include="MedicOnChip Rigol MSO5074Dlg.cpp">
      <Filter>Source Files</Filter>
    </ClCompile>
    <ClCompile Include="pch.cpp">
      <Filter>Source Files</Filter>
    </ClCompile>
    <ClCompile Include="Grafico.cpp">
      <Filter>Source Files</Filter>
    </ClCompile>
    <ClCompile Include="GraficoDeTempo.cpp">
      <Filter>Source Files</Filter>
    </ClCompile>
    <ClCompile Include="JanelaDoGrafico.cpp">
      <Filter>Source Files</Filter>
    </ClCompile>
    <ClCompile Include="FCCParametersDlg.cpp">
      <Filter>Source Files</Filter>
    </ClCompile>
    <ClCompile Include="FCSParametersDlg.cpp">
      <Filter>Source Files</Filter>
    </ClCompile>
    <ClCompile Include="TestHandler.cpp">
      <Filter>Source Files</Filter>
    </ClCompile>
    <ClCompile Include="SN_PROMPT.cpp">
      <Filter>Source Files</Filter>
    </ClCompile>
    <ClCompile Include="GoNoGo.cpp">
      <Filter>Source Files</Filter>
    </ClCompile>
    <ClCompile Include="GoNoGo_Confirm.cpp">
      <Filter>Source Files</Filter>
    </ClCompile>
  </ItemGroup>
  <ItemGroup>
    <ResourceCompile Include="MedicOnChipRigolMSO5074.rc">
      <Filter>Resource Files</Filter>
    </ResourceCompile>
  </ItemGroup>
  <ItemGroup>
    <None Include="res\MedicOnChipRigolMSO5074.rc2">
      <Filter>Resource Files</Filter>
    </None>
  </ItemGroup>
  <ItemGroup>
    <Image Include="res\MedicOnChip Rigol MSO5074.ico">
      <Filter>Resource Files</Filter>
    </Image>
  </ItemGroup>
</Project>